
Microsoft Visual Studio Solution File, Format Version 12.00
# Visual Studio Version 17
VisualStudioVersion = 17.5.33414.496
MinimumVisualStudioVersion = 10.0.40219.1
Project("{9A19103F-16F7-4668-BE54-9A1E7A4F7556}") = "Paperless.BusinessLogic", "..\Paperless.BusinessLogic\Paperless.BusinessLogic\Paperless.BusinessLogic.csproj", "{EBE1116A-150A-44A9-9F07-25539294EAE6}"
EndProject
Project("{9A19103F-16F7-4668-BE54-9A1E7A4F7556}") = "Paperless.BusinessLogic.Entities", "..\Paperless.BusinessLogic\Paperless.BusinessLogic.Entities\Paperless.BusinessLogic.Entities.csproj", "{E0DE5BAC-6B9A-4B9B-9B5D-C7B73CEC088D}"
EndProject
Project("{9A19103F-16F7-4668-BE54-9A1E7A4F7556}") = "Paperless.BusinessLogic.Interfaces", "..\Paperless.BusinessLogic\Paperless.BusinessLogic.Interfaces\Paperless.BusinessLogic.Interfaces.csproj", "{FC36E2E2-DBF5-49C4-9711-1AD7D752791E}"
EndProject
Project("{9A19103F-16F7-4668-BE54-9A1E7A4F7556}") = "Paperless.BusinessLogic.Tests", "..\Paperless.BusinessLogic\Paperless.BusinessLogic.Tests\Paperless.BusinessLogic.Tests.csproj", "{910AEA67-991F-4E55-A464-7F8B44321739}"
EndProject
Project("{9A19103F-16F7-4668-BE54-9A1E7A4F7556}") = "Paperless.DAL.Entities", "..\Paperless.DAL\Paperless.DAL.Entities\Paperless.DAL.Entities.csproj", "{AFEC7AF5-E6E3-4DD6-9484-755339246551}"
EndProject
Project("{9A19103F-16F7-4668-BE54-9A1E7A4F7556}") = "Paperless.DAL.Interfaces", "..\Paperless.DAL\Paperless.DAL.Interfaces\Paperless.DAL.Interfaces.csproj", "{A0F3CEDD-09EE-422A-A41F-10A8EE50081A}"
EndProject
Project("{9A19103F-16F7-4668-BE54-9A1E7A4F7556}") = "Paperless.DAL.Sql", "..\Paperless.DAL\Paperless.DAL.Sql\Paperless.DAL.Sql.csproj", "{D36D530B-5DC7-4348-851C-DC206EC8F17C}"
EndProject
Project("{9A19103F-16F7-4668-BE54-9A1E7A4F7556}") = "Paperless.DAL.Tests", "..\Paperless.DAL\Paperless.DAL.Tests\Paperless.DAL.Tests.csproj", "{006ED79D-E7B5-424A-8EF5-27C3460F52AA}"
EndProject
Project("{9A19103F-16F7-4668-BE54-9A1E7A4F7556}") = "Paperless.ServiceAgents", "..\Paperless.ServiceAgents\Paperless.ServiceAgents\Paperless.ServiceAgents.csproj", "{0C9E42CE-8413-41E8-BFFE-0274838E9929}"
EndProject
Project("{9A19103F-16F7-4668-BE54-9A1E7A4F7556}") = "Paperless.ServiceAgents.Interfaces", "..\Paperless.ServiceAgents\Paperless.ServiceAgents.Interfaces\Paperless.ServiceAgents.Interfaces.csproj", "{48318B2D-6051-4FAA-A014-232F2B7A5FCF}"
EndProject
Project("{9A19103F-16F7-4668-BE54-9A1E7A4F7556}") = "Paperless.ServiceAgents.Tests", "..\Paperless.ServiceAgents\Paperless.ServiceAgents.Tests\Paperless.ServiceAgents.Tests.csproj", "{F0F3DE7F-CCCA-4540-8C2A-27D857FC0A5A}"
EndProject
Project("{9A19103F-16F7-4668-BE54-9A1E7A4F7556}") = "Paperless.OcrWorker", "Paperless.OcrWorker\Paperless.OcrWorker.csproj", "{AAFF881E-6B36-4BB6-A6B4-C742B2830D58}"
EndProject
Project("{9A19103F-16F7-4668-BE54-9A1E7A4F7556}") = "IO.Swagger", "..\Swagger.RestService\src\IO.Swagger\IO.Swagger.csproj", "{052CE08E-AA0E-4D4B-A327-6DD71AF56370}"
EndProject
Global
	GlobalSection(SolutionConfigurationPlatforms) = preSolution
		Debug|Any CPU = Debug|Any CPU
		Release|Any CPU = Release|Any CPU
	EndGlobalSection
	GlobalSection(ProjectConfigurationPlatforms) = postSolution
		{EBE1116A-150A-44A9-9F07-25539294EAE6}.Debug|Any CPU.ActiveCfg = Debug|Any CPU
		{EBE1116A-150A-44A9-9F07-25539294EAE6}.Debug|Any CPU.Build.0 = Debug|Any CPU
		{EBE1116A-150A-44A9-9F07-25539294EAE6}.Release|Any CPU.ActiveCfg = Release|Any CPU
		{EBE1116A-150A-44A9-9F07-25539294EAE6}.Release|Any CPU.Build.0 = Release|Any CPU
		{E0DE5BAC-6B9A-4B9B-9B5D-C7B73CEC088D}.Debug|Any CPU.ActiveCfg = Debug|Any CPU
		{E0DE5BAC-6B9A-4B9B-9B5D-C7B73CEC088D}.Debug|Any CPU.Build.0 = Debug|Any CPU
		{E0DE5BAC-6B9A-4B9B-9B5D-C7B73CEC088D}.Release|Any CPU.ActiveCfg = Release|Any CPU
		{E0DE5BAC-6B9A-4B9B-9B5D-C7B73CEC088D}.Release|Any CPU.Build.0 = Release|Any CPU
		{FC36E2E2-DBF5-49C4-9711-1AD7D752791E}.Debug|Any CPU.ActiveCfg = Debug|Any CPU
		{FC36E2E2-DBF5-49C4-9711-1AD7D752791E}.Debug|Any CPU.Build.0 = Debug|Any CPU
		{FC36E2E2-DBF5-49C4-9711-1AD7D752791E}.Release|Any CPU.ActiveCfg = Release|Any CPU
		{FC36E2E2-DBF5-49C4-9711-1AD7D752791E}.Release|Any CPU.Build.0 = Release|Any CPU
		{910AEA67-991F-4E55-A464-7F8B44321739}.Debug|Any CPU.ActiveCfg = Debug|Any CPU
		{910AEA67-991F-4E55-A464-7F8B44321739}.Debug|Any CPU.Build.0 = Debug|Any CPU
		{910AEA67-991F-4E55-A464-7F8B44321739}.Release|Any CPU.ActiveCfg = Release|Any CPU
		{910AEA67-991F-4E55-A464-7F8B44321739}.Release|Any CPU.Build.0 = Release|Any CPU
		{AFEC7AF5-E6E3-4DD6-9484-755339246551}.Debug|Any CPU.ActiveCfg = Debug|Any CPU
		{AFEC7AF5-E6E3-4DD6-9484-755339246551}.Debug|Any CPU.Build.0 = Debug|Any CPU
		{AFEC7AF5-E6E3-4DD6-9484-755339246551}.Release|Any CPU.ActiveCfg = Release|Any CPU
		{AFEC7AF5-E6E3-4DD6-9484-755339246551}.Release|Any CPU.Build.0 = Release|Any CPU
		{A0F3CEDD-09EE-422A-A41F-10A8EE50081A}.Debug|Any CPU.ActiveCfg = Debug|Any CPU
		{A0F3CEDD-09EE-422A-A41F-10A8EE50081A}.Debug|Any CPU.Build.0 = Debug|Any CPU
		{A0F3CEDD-09EE-422A-A41F-10A8EE50081A}.Release|Any CPU.ActiveCfg = Release|Any CPU
		{A0F3CEDD-09EE-422A-A41F-10A8EE50081A}.Release|Any CPU.Build.0 = Release|Any CPU
		{D36D530B-5DC7-4348-851C-DC206EC8F17C}.Debug|Any CPU.ActiveCfg = Debug|Any CPU
		{D36D530B-5DC7-4348-851C-DC206EC8F17C}.Debug|Any CPU.Build.0 = Debug|Any CPU
		{D36D530B-5DC7-4348-851C-DC206EC8F17C}.Release|Any CPU.ActiveCfg = Release|Any CPU
		{D36D530B-5DC7-4348-851C-DC206EC8F17C}.Release|Any CPU.Build.0 = Release|Any CPU
		{006ED79D-E7B5-424A-8EF5-27C3460F52AA}.Debug|Any CPU.ActiveCfg = Debug|Any CPU
		{006ED79D-E7B5-424A-8EF5-27C3460F52AA}.Debug|Any CPU.Build.0 = Debug|Any CPU
		{006ED79D-E7B5-424A-8EF5-27C3460F52AA}.Release|Any CPU.ActiveCfg = Release|Any CPU
		{006ED79D-E7B5-424A-8EF5-27C3460F52AA}.Release|Any CPU.Build.0 = Release|Any CPU
		{0C9E42CE-8413-41E8-BFFE-0274838E9929}.Debug|Any CPU.ActiveCfg = Debug|Any CPU
		{0C9E42CE-8413-41E8-BFFE-0274838E9929}.Debug|Any CPU.Build.0 = Debug|Any CPU
		{0C9E42CE-8413-41E8-BFFE-0274838E9929}.Release|Any CPU.ActiveCfg = Release|Any CPU
		{0C9E42CE-8413-41E8-BFFE-0274838E9929}.Release|Any CPU.Build.0 = Release|Any CPU
		{48318B2D-6051-4FAA-A014-232F2B7A5FCF}.Debug|Any CPU.ActiveCfg = Debug|Any CPU
		{48318B2D-6051-4FAA-A014-232F2B7A5FCF}.Debug|Any CPU.Build.0 = Debug|Any CPU
		{48318B2D-6051-4FAA-A014-232F2B7A5FCF}.Release|Any CPU.ActiveCfg = Release|Any CPU
		{48318B2D-6051-4FAA-A014-232F2B7A5FCF}.Release|Any CPU.Build.0 = Release|Any CPU
		{F0F3DE7F-CCCA-4540-8C2A-27D857FC0A5A}.Debug|Any CPU.ActiveCfg = Debug|Any CPU
		{F0F3DE7F-CCCA-4540-8C2A-27D857FC0A5A}.Debug|Any CPU.Build.0 = Debug|Any CPU
		{F0F3DE7F-CCCA-4540-8C2A-27D857FC0A5A}.Release|Any CPU.ActiveCfg = Release|Any CPU
		{F0F3DE7F-CCCA-4540-8C2A-27D857FC0A5A}.Release|Any CPU.Build.0 = Release|Any CPU
		{AAFF881E-6B36-4BB6-A6B4-C742B2830D58}.Debug|Any CPU.ActiveCfg = Debug|Any CPU
		{AAFF881E-6B36-4BB6-A6B4-C742B2830D58}.Debug|Any CPU.Build.0 = Debug|Any CPU
		{AAFF881E-6B36-4BB6-A6B4-C742B2830D58}.Release|Any CPU.ActiveCfg = Release|Any CPU
		{AAFF881E-6B36-4BB6-A6B4-C742B2830D58}.Release|Any CPU.Build.0 = Release|Any CPU
		{052CE08E-AA0E-4D4B-A327-6DD71AF56370}.Debug|Any CPU.ActiveCfg = Debug|Any CPU
		{052CE08E-AA0E-4D4B-A327-6DD71AF56370}.Debug|Any CPU.Build.0 = Debug|Any CPU
		{052CE08E-AA0E-4D4B-A327-6DD71AF56370}.Release|Any CPU.ActiveCfg = Release|Any CPU
		{052CE08E-AA0E-4D4B-A327-6DD71AF56370}.Release|Any CPU.Build.0 = Release|Any CPU
	EndGlobalSection
	GlobalSection(SolutionProperties) = preSolution
		HideSolutionNode = FALSE
	EndGlobalSection
	GlobalSection(ExtensibilityGlobals) = postSolution
		SolutionGuid = {D075328A-73E6-42DA-A9D6-8F61C12806E2}
	EndGlobalSection
EndGlobal
