
Microsoft Visual Studio Solution File, Format Version 12.00
# Visual Studio Version 17
VisualStudioVersion = 17.5.33414.496
MinimumVisualStudioVersion = 10.0.40219.1
Project("{FAE04EC0-301F-11D3-BF4B-00C04F79EFBC}") = "Paperless.BusinessLogic", "Paperless.BusinessLogic\Paperless.BusinessLogic.csproj", "{FC4AFCE6-9A9C-4D7D-B8D4-832FC09D69AE}"
EndProject
Project("{FAE04EC0-301F-11D3-BF4B-00C04F79EFBC}") = "Paperless.BusinessLogic.Entities", "Paperless.BusinessLogic.Entities\Paperless.BusinessLogic.Entities.csproj", "{BD958E4F-90CC-430A-BA9B-3D6B2576C18B}"
EndProject
Project("{FAE04EC0-301F-11D3-BF4B-00C04F79EFBC}") = "Paperless.BusinessLogic.Tests", "Paperless.BusinessLogic.Tests\Paperless.BusinessLogic.Tests.csproj", "{C2A1754B-E4BB-4769-9F33-D237357771BE}"
EndProject
Project("{FAE04EC0-301F-11D3-BF4B-00C04F79EFBC}") = "Paperless.BusinessLogic.Interfaces", "Paperless.BusinessLogic.Interfaces\Paperless.BusinessLogic.Interfaces.csproj", "{CDA56206-C256-4C6A-841B-C5AF8DDBDC28}"
EndProject
Global
	GlobalSection(SolutionConfigurationPlatforms) = preSolution
		Debug|Any CPU = Debug|Any CPU
		Release|Any CPU = Release|Any CPU
	EndGlobalSection
	GlobalSection(ProjectConfigurationPlatforms) = postSolution
		{FC4AFCE6-9A9C-4D7D-B8D4-832FC09D69AE}.Debug|Any CPU.ActiveCfg = Debug|Any CPU
		{FC4AFCE6-9A9C-4D7D-B8D4-832FC09D69AE}.Debug|Any CPU.Build.0 = Debug|Any CPU
		{FC4AFCE6-9A9C-4D7D-B8D4-832FC09D69AE}.Release|Any CPU.ActiveCfg = Release|Any CPU
		{FC4AFCE6-9A9C-4D7D-B8D4-832FC09D69AE}.Release|Any CPU.Build.0 = Release|Any CPU
		{BD958E4F-90CC-430A-BA9B-3D6B2576C18B}.Debug|Any CPU.ActiveCfg = Debug|Any CPU
		{BD958E4F-90CC-430A-BA9B-3D6B2576C18B}.Debug|Any CPU.Build.0 = Debug|Any CPU
		{BD958E4F-90CC-430A-BA9B-3D6B2576C18B}.Release|Any CPU.ActiveCfg = Release|Any CPU
		{BD958E4F-90CC-430A-BA9B-3D6B2576C18B}.Release|Any CPU.Build.0 = Release|Any CPU
		{C2A1754B-E4BB-4769-9F33-D237357771BE}.Debug|Any CPU.ActiveCfg = Debug|Any CPU
		{C2A1754B-E4BB-4769-9F33-D237357771BE}.Debug|Any CPU.Build.0 = Debug|Any CPU
		{C2A1754B-E4BB-4769-9F33-D237357771BE}.Release|Any CPU.ActiveCfg = Release|Any CPU
		{C2A1754B-E4BB-4769-9F33-D237357771BE}.Release|Any CPU.Build.0 = Release|Any CPU
		{CDA56206-C256-4C6A-841B-C5AF8DDBDC28}.Debug|Any CPU.ActiveCfg = Debug|Any CPU
		{CDA56206-C256-4C6A-841B-C5AF8DDBDC28}.Debug|Any CPU.Build.0 = Debug|Any CPU
		{CDA56206-C256-4C6A-841B-C5AF8DDBDC28}.Release|Any CPU.ActiveCfg = Release|Any CPU
		{CDA56206-C256-4C6A-841B-C5AF8DDBDC28}.Release|Any CPU.Build.0 = Release|Any CPU
	EndGlobalSection
	GlobalSection(SolutionProperties) = preSolution
		HideSolutionNode = FALSE
	EndGlobalSection
	GlobalSection(ExtensibilityGlobals) = postSolution
		SolutionGuid = {B297D944-C449-42F0-B870-713F4CF208D5}
	EndGlobalSection
EndGlobal
